Microsoft Visual Studio Solution File, Format Version 11.00
# Visual Studio 2008

Project("{6064D743-9459-2BE8-5194-10D764686003}") = "FallinDots", "Assembly-CSharp.csproj", "{F6D24C0C-0E78-2904-9AD0-D6FE8D60CA01}"
EndProject
Global
	GlobalSection(SolutionConfigurationPlatforms) = preSolution
		Debug|Any CPU = Debug|Any CPU
		Release|Any CPU = Release|Any CPU
	EndGlobalSection
	GlobalSection(ProjectConfigurationPlatforms) = postSolution
		{F6D24C0C-0E78-2904-9AD0-D6FE8D60CA01}.Debug|Any CPU.ActiveCfg = Debug|Any CPU
		{F6D24C0C-0E78-2904-9AD0-D6FE8D60CA01}.Debug|Any CPU.Build.0 = Debug|Any CPU
		{F6D24C0C-0E78-2904-9AD0-D6FE8D60CA01}.Release|Any CPU.ActiveCfg = Release|Any CPU
		{F6D24C0C-0E78-2904-9AD0-D6FE8D60CA01}.Release|Any CPU.Build.0 = Release|Any CPU
	EndGlobalSection
	GlobalSection(SolutionProperties) = preSolution
		HideSolutionNode = FALSE
	EndGlobalSection
	GlobalSection(MonoDevelopProperties) = preSolution
		StartupItem = Assembly-CSharp.csproj
	EndGlobalSection
EndGlobal
